
Microsoft Visual Studio Solution File, Format Version 12.00
# Visual Studio Version 17
VisualStudioVersion = 17.7.34031.279
MinimumVisualStudioVersion = 10.0.40219.1
Project("{FAE04EC0-301F-11D3-BF4B-00C04F79EFBC}") = "Distancia_Cidades", "Distancia_Cidades\Distancia_Cidades.csproj", "{72303B9F-ECF7-4889-8DCF-EFFA321AAF70}"
EndProject
Global
	GlobalSection(SolutionConfigurationPlatforms) = preSolution
		Debug|Any CPU = Debug|Any CPU
		Release|Any CPU = Release|Any CPU
	EndGlobalSection
	GlobalSection(ProjectConfigurationPlatforms) = postSolution
		{72303B9F-ECF7-4889-8DCF-EFFA321AAF70}.Debug|Any CPU.ActiveCfg = Debug|Any CPU
		{72303B9F-ECF7-4889-8DCF-EFFA321AAF70}.Debug|Any CPU.Build.0 = Debug|Any CPU
		{72303B9F-ECF7-4889-8DCF-EFFA321AAF70}.Release|Any CPU.ActiveCfg = Release|Any CPU
		{72303B9F-ECF7-4889-8DCF-EFFA321AAF70}.Release|Any CPU.Build.0 = Release|Any CPU
	EndGlobalSection
	GlobalSection(SolutionProperties) = preSolution
		HideSolutionNode = FALSE
	EndGlobalSection
	GlobalSection(ExtensibilityGlobals) = postSolution
		SolutionGuid = {FBF28E4F-7981-487E-9CA0-586D8241F0ED}
	EndGlobalSection
EndGlobal
